<?xml version="1.0" encoding="utf-8"?>
<Project ToolsVersion="4.0" xmlns="http://schemas.microsoft.com/developer/msbuild/2003">
  <ItemGroup>
    <Filter Include="Source Files">
      <UniqueIdentifier>{4FC737F1-C7A5-4376-A066-2A32D752A2FF}</UniqueIdentifier>
      <Extensions>cpp;c;cc;cxx;def;odl;idl;hpj;bat;asm;asmx</Extensions>
    </Filter>
    <Filter Include="Header Files">
      <UniqueIdentifier>{93995380-89BD-4b04-88EB-625FBE52EBFB}</UniqueIdentifier>
      <Extensions>h;hh;hpp;hxx;hm;inl;inc;xsd</Extensions>
    </Filter>
    <Filter Include="Resource Files">
      <UniqueIdentifier>{67DA6AB6-F800-4c08-8B7A-83BB121AAD01}</UniqueIdentifier>
      <Extensions>rc;ico;cur;bmp;dlg;rc2;rct;bin;rgs;gif;jpg;jpeg;jpe;resx;tiff;tif;png;wav;mfcribbon-ms</Extensions>
    </Filter>
  </ItemGroup>
  <ItemGroup>
    <None Include="Makefile" />
  </ItemGroup>
  <ItemGroup>
    <ClCompile Include="..\src\android.cpp">
      <Filter>Source Files</Filter>
    </ClCompile>
    <ClCompile Include="..\src\benchmark.cpp">
      <Filter>Source Files</Filter>
    </ClCompile>
    <ClCompile Include="..\src\benchmark-collection.cpp">
      <Filter>Source Files</Filter>
    </ClCompile>
    <ClCompile Include="..\src\canvas-android.cpp">
      <Filter>Source Files</Filter>
    </ClCompile>
    <ClCompile Include="..\src\canvas-generic.cpp">
      <Filter>Source Files</Filter>
    </ClCompile>
    <ClCompile Include="..\src\gl-headers.cpp">
      <Filter>Source Files</Filter>
    </ClCompile>
    <ClCompile Include="..\src\gl-state-egl.cpp">
      <Filter>Source Files</Filter>
    </ClCompile>
    <ClCompile Include="..\src\gl-state-glx.cpp">
      <Filter>Source Files</Filter>
    </ClCompile>
    <ClCompile Include="..\src\gl-visual-config.cpp">
      <Filter>Source Files</Filter>
    </ClCompile>
    <ClCompile Include="..\src\image-reader.cpp">
      <Filter>Source Files</Filter>
    </ClCompile>
    <ClCompile Include="..\src\main.cpp">
      <Filter>Source Files</Filter>
    </ClCompile>
    <ClCompile Include="..\src\main-loop.cpp">
      <Filter>Source Files</Filter>
    </ClCompile>
    <ClCompile Include="..\src\mesh.cpp">
      <Filter>Source Files</Filter>
    </ClCompile>
    <ClCompile Include="..\src\model.cpp">
      <Filter>Source Files</Filter>
    </ClCompile>
    <ClCompile Include="..\src\native-state-switch.cpp">
      <Filter>Source Files</Filter>
    </ClCompile>
    <ClCompile Include="..\src\options.cpp">
      <Filter>Source Files</Filter>
    </ClCompile>
    <ClCompile Include="..\src\scene.cpp">
      <Filter>Source Files</Filter>
    </ClCompile>
    <ClCompile Include="..\src\scene-buffer.cpp">
      <Filter>Source Files</Filter>
    </ClCompile>
    <ClCompile Include="..\src\scene-build.cpp">
      <Filter>Source Files</Filter>
    </ClCompile>
    <ClCompile Include="..\src\scene-bump.cpp">
      <Filter>Source Files</Filter>
    </ClCompile>
    <ClCompile Include="..\src\scene-clear.cpp">
      <Filter>Source Files</Filter>
    </ClCompile>
    <ClCompile Include="..\src\scene-conditionals.cpp">
      <Filter>Source Files</Filter>
    </ClCompile>
    <ClCompile Include="..\src\scene-default-options.cpp">
      <Filter>Source Files</Filter>
    </ClCompile>
    <ClCompile Include="..\src\scene-desktop.cpp">
      <Filter>Source Files</Filter>
    </ClCompile>
    <ClCompile Include="..\src\scene-effect-2d.cpp">
      <Filter>Source Files</Filter>
    </ClCompile>
    <ClCompile Include="..\src\scene-function.cpp">
      <Filter>Source Files</Filter>
    </ClCompile>
    <ClCompile Include="..\src\scene-grid.cpp">
      <Filter>Source Files</Filter>
    </ClCompile>
    <ClCompile Include="..\src\scene-ideas.cpp">
      <Filter>Source Files</Filter>
    </ClCompile>
    <ClCompile Include="..\src\scene-jellyfish.cpp">
      <Filter>Source Files</Filter>
    </ClCompile>
    <ClCompile Include="..\src\scene-loop.cpp">
      <Filter>Source Files</Filter>
    </ClCompile>
    <ClCompile Include="..\src\scene-pulsar.cpp">
      <Filter>Source Files</Filter>
    </ClCompile>
    <ClCompile Include="..\src\scene-refract.cpp">
      <Filter>Source Files</Filter>
    </ClCompile>
    <ClCompile Include="..\src\scene-shading.cpp">
      <Filter>Source Files</Filter>
    </ClCompile>
    <ClCompile Include="..\src\scene-shadow.cpp">
      <Filter>Source Files</Filter>
    </ClCompile>
    <ClCompile Include="..\src\scene-terrain.cpp">
      <Filter>Source Files</Filter>
    </ClCompile>
    <ClCompile Include="..\src\scene-texture.cpp">
      <Filter>Source Files</Filter>
    </ClCompile>
    <ClCompile Include="..\src\text-renderer.cpp">
      <Filter>Source Files</Filter>
    </ClCompile>
    <ClCompile Include="..\src\texture.cpp">
      <Filter>Source Files</Filter>
    </ClCompile>
    <ClCompile Include="..\src\libmatrix\log.cc">
      <Filter>Source Files</Filter>
    </ClCompile>
    <ClCompile Include="..\src\libmatrix\mat.cc">
      <Filter>Source Files</Filter>
    </ClCompile>
    <ClCompile Include="..\src\libmatrix\program.cc">
      <Filter>Source Files</Filter>
    </ClCompile>
    <ClCompile Include="..\src\libmatrix\shader-source.cc">
      <Filter>Source Files</Filter>
    </ClCompile>
    <ClCompile Include="..\src\libmatrix\util.cc">
      <Filter>Source Files</Filter>
    </ClCompile>
    <ClCompile Include="..\src\scene-terrain\base-renderer.cpp">
      <Filter>Source Files</Filter>
    </ClCompile>
    <ClCompile Include="..\src\scene-terrain\blur-renderer.cpp">
      <Filter>Source Files</Filter>
    </ClCompile>
    <ClCompile Include="..\src\scene-terrain\copy-renderer.cpp">
      <Filter>Source Files</Filter>
    </ClCompile>
    <ClCompile Include="..\src\scene-terrain\luminance-renderer.cpp">
      <Filter>Source Files</Filter>
    </ClCompile>
    <ClCompile Include="..\src\scene-terrain\normal-from-height-renderer.cpp">
      <Filter>Source Files</Filter>
    </ClCompile>
    <ClCompile Include="..\src\scene-terrain\overlay-renderer.cpp">
      <Filter>Source Files</Filter>
    </ClCompile>
    <ClCompile Include="..\src\scene-terrain\renderer-chain.cpp">
      <Filter>Source Files</Filter>
    </ClCompile>
    <ClCompile Include="..\src\scene-terrain\simplex-noise-renderer.cpp">
      <Filter>Source Files</Filter>
    </ClCompile>
    <ClCompile Include="..\src\scene-terrain\terrain-renderer.cpp">
      <Filter>Source Files</Filter>
    </ClCompile>
    <ClCompile Include="..\src\scene-terrain\texture-renderer.cpp">
      <Filter>Source Files</Filter>
    </ClCompile>
    <ClCompile Include="..\src\scene-ideas\a.cc">
      <Filter>Source Files</Filter>
    </ClCompile>
    <ClCompile Include="..\src\scene-ideas\d.cc">
      <Filter>Source Files</Filter>
    </ClCompile>
    <ClCompile Include="..\src\scene-ideas\e.cc">
      <Filter>Source Files</Filter>
    </ClCompile>
    <ClCompile Include="..\src\scene-ideas\i.cc">
      <Filter>Source Files</Filter>
    </ClCompile>
    <ClCompile Include="..\src\scene-ideas\lamp.cc">
      <Filter>Source Files</Filter>
    </ClCompile>
    <ClCompile Include="..\src\scene-ideas\logo.cc">
      <Filter>Source Files</Filter>
    </ClCompile>
    <ClCompile Include="..\src\scene-ideas\m.cc">
      <Filter>Source Files</Filter>
    </ClCompile>
    <ClCompile Include="..\src\scene-ideas\n.cc">
      <Filter>Source Files</Filter>
    </ClCompile>
    <ClCompile Include="..\src\scene-ideas\o.cc">
      <Filter>Source Files</Filter>
    </ClCompile>
    <ClCompile Include="..\src\scene-ideas\s.cc">
      <Filter>Source Files</Filter>
    </ClCompile>
    <ClCompile Include="..\src\scene-ideas\splines.cc">
      <Filter>Source Files</Filter>
    </ClCompile>
    <ClCompile Include="..\src\scene-ideas\t.cc">
      <Filter>Source Files</Filter>
    </ClCompile>
    <ClCompile Include="..\src\scene-ideas\table.cc">
      <Filter>Source Files</Filter>
    </ClCompile>
  </ItemGroup>
  <ItemGroup>
    <ClInclude Include="..\src\benchmark.h">
      <Filter>Header Files</Filter>
    </ClInclude>
    <ClInclude Include="..\src\benchmark-collection.h">
      <Filter>Header Files</Filter>
    </ClInclude>
    <ClInclude Include="..\src\canvas.h">
      <Filter>Header Files</Filter>
    </ClInclude>
    <ClInclude Include="..\src\canvas-android.h">
      <Filter>Header Files</Filter>
    </ClInclude>
    <ClInclude Include="..\src\canvas-generic.h">
      <Filter>Header Files</Filter>
    </ClInclude>
    <ClInclude Include="..\src\default-benchmarks.h">
      <Filter>Header Files</Filter>
    </ClInclude>
    <ClInclude Include="..\src\gl-headers.h">
      <Filter>Header Files</Filter>
    </ClInclude>
    <ClInclude Include="..\src\gl-state.h">
      <Filter>Header Files</Filter>
    </ClInclude>
    <ClInclude Include="..\src\gl-state-egl.h">
      <Filter>Header Files</Filter>
    </ClInclude>
    <ClInclude Include="..\src\gl-state-glx.h">
      <Filter>Header Files</Filter>
    </ClInclude>
    <ClInclude Include="..\src\gl-visual-config.h">
      <Filter>Header Files</Filter>
    </ClInclude>
    <ClInclude Include="..\src\image-reader.h">
      <Filter>Header Files</Filter>
    </ClInclude>
    <ClInclude Include="..\src\main-loop.h">
      <Filter>Header Files</Filter>
    </ClInclude>
    <ClInclude Include="..\src\mesh.h">
      <Filter>Header Files</Filter>
    </ClInclude>
    <ClInclude Include="..\src\model.h">
      <Filter>Header Files</Filter>
    </ClInclude>
    <ClInclude Include="..\src\native-state.h">
      <Filter>Header Files</Filter>
    </ClInclude>
    <ClInclude Include="..\src\native-state-switch.h">
      <Filter>Header Files</Filter>
    </ClInclude>
    <ClInclude Include="..\src\options.h">
      <Filter>Header Files</Filter>
    </ClInclude>
    <ClInclude Include="..\src\scene.h">
      <Filter>Header Files</Filter>
    </ClInclude>
    <ClInclude Include="..\src\scene-collection.h">
      <Filter>Header Files</Filter>
    </ClInclude>
    <ClInclude Include="..\src\scene-jellyfish.h">
      <Filter>Header Files</Filter>
    </ClInclude>
    <ClInclude Include="..\src\scene-refract.h">
      <Filter>Header Files</Filter>
    </ClInclude>
    <ClInclude Include="..\src\text-renderer.h">
      <Filter>Header Files</Filter>
    </ClInclude>
    <ClInclude Include="..\src\texture.h">
      <Filter>Header Files</Filter>
    </ClInclude>
    <ClInclude Include="..\src\libmatrix\gl-if.h">
      <Filter>Header Files</Filter>
    </ClInclude>
    <ClInclude Include="..\src\libmatrix\log.h">
      <Filter>Header Files</Filter>
    </ClInclude>
    <ClInclude Include="..\src\libmatrix\mat.h">
      <Filter>Header Files</Filter>
    </ClInclude>
    <ClInclude Include="..\src\libmatrix\program.h">
      <Filter>Header Files</Filter>
    </ClInclude>
    <ClInclude Include="..\src\libmatrix\shader-source.h">
      <Filter>Header Files</Filter>
    </ClInclude>
    <ClInclude Include="..\src\libmatrix\stack.h">
      <Filter>Header Files</Filter>
    </ClInclude>
    <ClInclude Include="..\src\libmatrix\util.h">
      <Filter>Header Files</Filter>
    </ClInclude>
    <ClInclude Include="..\src\libmatrix\vec.h">
      <Filter>Header Files</Filter>
    </ClInclude>
    <ClInclude Include="..\src\scene-terrain\renderer.h">
      <Filter>Header Files</Filter>
    </ClInclude>
    <ClInclude Include="..\src\scene-ideas\characters.h">
      <Filter>Header Files</Filter>
    </ClInclude>
    <ClInclude Include="..\src\scene-ideas\lamp.h">
      <Filter>Header Files</Filter>
    </ClInclude>
    <ClInclude Include="..\src\scene-ideas\logo.h">
      <Filter>Header Files</Filter>
    </ClInclude>
    <ClInclude Include="..\src\scene-ideas\splines.h">
      <Filter>Header Files</Filter>
    </ClInclude>
    <ClInclude Include="..\src\scene-ideas\table.h">
      <Filter>Header Files</Filter>
    </ClInclude>
  </ItemGroup>
</Project>